
Microsoft Visual Studio Solution File, Format Version 12.00
# Visual Studio 15
VisualStudioVersion = 15.0.26124.0
MinimumVisualStudioVersion = 15.0.26124.0
Project("{2150E333-8FDC-42A3-9474-1A3956D46DE8}") = "src", "src", "{703730DE-6C4B-404F-B4DD-492D7B8AD8AD}"
EndProject
Project("{FAE04EC0-301F-11D3-BF4B-00C04F79EFBC}") = "BearToday", "src\BearToday\BearToday.csproj", "{13A5B256-CD1D-4F92-9794-6596D15417A4}"
EndProject
Project("{2150E333-8FDC-42A3-9474-1A3956D46DE8}") = "tests", "tests", "{080670B6-70D2-486F-9CD6-EC1D3261C054}"
EndProject
Project("{FAE04EC0-301F-11D3-BF4B-00C04F79EFBC}") = "BearToday.Tests", "tests\BearToday.Tests\BearToday.Tests.csproj", "{E148E072-14A7-4EBE-A900-D17BF4C57251}"
EndProject
Project("{2150E333-8FDC-42A3-9474-1A3956D46DE8}") = "Build", "Build", "{7E3E3FB6-4759-48E2-9006-1CE5465AC393}"
ProjectSection(SolutionItems) = preProject
	Build.sh = Build.sh
	readme.md = readme.md
EndProjectSection
EndProject
Global
	GlobalSection(SolutionConfigurationPlatforms) = preSolution
		Debug|Any CPU = Debug|Any CPU
		Debug|x64 = Debug|x64
		Debug|x86 = Debug|x86
		Release|Any CPU = Release|Any CPU
		Release|x64 = Release|x64
		Release|x86 = Release|x86
	EndGlobalSection
	GlobalSection(SolutionProperties) = preSolution
		HideSolutionNode = FALSE
	EndGlobalSection
	GlobalSection(ProjectConfigurationPlatforms) = postSolution
		{13A5B256-CD1D-4F92-9794-6596D15417A4}.Debug|Any CPU.ActiveCfg = Debug|Any CPU
		{13A5B256-CD1D-4F92-9794-6596D15417A4}.Debug|Any CPU.Build.0 = Debug|Any CPU
		{13A5B256-CD1D-4F92-9794-6596D15417A4}.Debug|x64.ActiveCfg = Debug|Any CPU
		{13A5B256-CD1D-4F92-9794-6596D15417A4}.Debug|x64.Build.0 = Debug|Any CPU
		{13A5B256-CD1D-4F92-9794-6596D15417A4}.Debug|x86.ActiveCfg = Debug|Any CPU
		{13A5B256-CD1D-4F92-9794-6596D15417A4}.Debug|x86.Build.0 = Debug|Any CPU
		{13A5B256-CD1D-4F92-9794-6596D15417A4}.Release|Any CPU.ActiveCfg = Release|Any CPU
		{13A5B256-CD1D-4F92-9794-6596D15417A4}.Release|Any CPU.Build.0 = Release|Any CPU
		{13A5B256-CD1D-4F92-9794-6596D15417A4}.Release|x64.ActiveCfg = Release|Any CPU
		{13A5B256-CD1D-4F92-9794-6596D15417A4}.Release|x64.Build.0 = Release|Any CPU
		{13A5B256-CD1D-4F92-9794-6596D15417A4}.Release|x86.ActiveCfg = Release|Any CPU
		{13A5B256-CD1D-4F92-9794-6596D15417A4}.Release|x86.Build.0 = Release|Any CPU
		{E148E072-14A7-4EBE-A900-D17BF4C57251}.Debug|Any CPU.ActiveCfg = Debug|Any CPU
		{E148E072-14A7-4EBE-A900-D17BF4C57251}.Debug|Any CPU.Build.0 = Debug|Any CPU
		{E148E072-14A7-4EBE-A900-D17BF4C57251}.Debug|x64.ActiveCfg = Debug|Any CPU
		{E148E072-14A7-4EBE-A900-D17BF4C57251}.Debug|x64.Build.0 = Debug|Any CPU
		{E148E072-14A7-4EBE-A900-D17BF4C57251}.Debug|x86.ActiveCfg = Debug|Any CPU
		{E148E072-14A7-4EBE-A900-D17BF4C57251}.Debug|x86.Build.0 = Debug|Any CPU
		{E148E072-14A7-4EBE-A900-D17BF4C57251}.Release|Any CPU.ActiveCfg = Release|Any CPU
		{E148E072-14A7-4EBE-A900-D17BF4C57251}.Release|Any CPU.Build.0 = Release|Any CPU
		{E148E072-14A7-4EBE-A900-D17BF4C57251}.Release|x64.ActiveCfg = Release|Any CPU
		{E148E072-14A7-4EBE-A900-D17BF4C57251}.Release|x64.Build.0 = Release|Any CPU
		{E148E072-14A7-4EBE-A900-D17BF4C57251}.Release|x86.ActiveCfg = Release|Any CPU
		{E148E072-14A7-4EBE-A900-D17BF4C57251}.Release|x86.Build.0 = Release|Any CPU
	EndGlobalSection
	GlobalSection(NestedProjects) = preSolution
		{13A5B256-CD1D-4F92-9794-6596D15417A4} = {703730DE-6C4B-404F-B4DD-492D7B8AD8AD}
		{E148E072-14A7-4EBE-A900-D17BF4C57251} = {080670B6-70D2-486F-9CD6-EC1D3261C054}
	EndGlobalSection
EndGlobal
